{
	"name": "freelens-crd-menu",
	"version": "0.1.0",
	"lockfileVersion": 3,
	"requires": true,
	"packages": {
		"": {
			"name": "freelens-crd-menu",
			"version": "0.1.0",
			"license": "ISC",
			"devDependencies": {
				"@cspell/dict-bash": "^4.2.0",
				"@cspell/dict-companies": "^3.1.15",
				"@cspell/dict-css": "^4.0.17",
				"@cspell/dict-docker": "^1.1.13",
				"@cspell/dict-fr-fr": "^2.3.0",
				"@cspell/dict-git": "^3.0.4",
				"@cspell/dict-html": "^4.0.11",
				"@cspell/dict-markdown": "^2.0.10",
				"@cspell/dict-node": "^5.0.7",
				"@cspell/dict-npm": "^5.2.1",
				"@cspell/dict-software-terms": "^5.0.5",
				"@cspell/dict-typescript": "^3.2.1",
				"@types/node": "^22.15.2",
				"husky": "^9.1.7",
				"prettier": "^3.5.3",
				"prettier-plugin-sh": "^0.17.2",
				"typescript": "^5.8.3"
			}
		},
		"node_modules/@cspell/dict-bash": {
			"version": "4.2.0",
			"resolved": "https://registry.npmjs.org/@cspell/dict-bash/-/dict-bash-4.2.0.tgz",
			"integrity": "sha512-HOyOS+4AbCArZHs/wMxX/apRkjxg6NDWdt0jF9i9XkvJQUltMwEhyA2TWYjQ0kssBsnof+9amax2lhiZnh3kCg==",
			"dev": true,
			"license": "MIT",
			"dependencies": {
				"@cspell/dict-shell": "1.1.0"
			}
		},
		"node_modules/@cspell/dict-companies": {
			"version": "3.1.15",
			"resolved": "https://registry.npmjs.org/@cspell/dict-companies/-/dict-companies-3.1.15.tgz",
			"integrity": "sha512-vnGYTJFrqM9HdtgpZFOThFTjlPyJWqPi0eidMKyZxMKTHhP7yg6mD5X9WPEPvfiysmJYMnA6KKYQEBqoKFPU9g==",
			"dev": true,
			"license": "MIT"
		},
		"node_modules/@cspell/dict-css": {
			"version": "4.0.17",
			"resolved": "https://registry.npmjs.org/@cspell/dict-css/-/dict-css-4.0.17.tgz",
			"integrity": "sha512-2EisRLHk6X/PdicybwlajLGKF5aJf4xnX2uuG5lexuYKt05xV/J/OiBADmi8q9obhxf1nesrMQbqAt+6CsHo/w==",
			"dev": true,
			"license": "MIT"
		},
		"node_modules/@cspell/dict-docker": {
			"version": "1.1.13",
			"resolved": "https://registry.npmjs.org/@cspell/dict-docker/-/dict-docker-1.1.13.tgz",
			"integrity": "sha512-85X+ZC/CPT3ie26DcfeMFkZSNuhS8DlAqPXzAjilHtGE/Nj+QnS3jyBz0spDJOJrjh8wx1+ro2oCK98sbVcztw==",
			"dev": true,
			"license": "MIT"
		},
		"node_modules/@cspell/dict-fr-fr": {
			"version": "2.3.0",
			"resolved": "https://registry.npmjs.org/@cspell/dict-fr-fr/-/dict-fr-fr-2.3.0.tgz",
			"integrity": "sha512-OsUgonI5aWV8i+DmOl8KO0fqFLZFZIAvFaCysXROeYoSfumdiqzmBrgv6UNOIhYMIBfs2Os3UsM5E69sLpoY8g==",
			"dev": true,
			"license": "MIT"
		},
		"node_modules/@cspell/dict-git": {
			"version": "3.0.4",
			"resolved": "https://registry.npmjs.org/@cspell/dict-git/-/dict-git-3.0.4.tgz",
			"integrity": "sha512-C44M+m56rYn6QCsLbiKiedyPTMZxlDdEYAsPwwlL5bhMDDzXZ3Ic8OCQIhMbiunhCOJJT+er4URmOmM+sllnjg==",
			"dev": true,
			"license": "MIT"
		},
		"node_modules/@cspell/dict-html": {
			"version": "4.0.11",
			"resolved": "https://registry.npmjs.org/@cspell/dict-html/-/dict-html-4.0.11.tgz",
			"integrity": "sha512-QR3b/PB972SRQ2xICR1Nw/M44IJ6rjypwzA4jn+GH8ydjAX9acFNfc+hLZVyNe0FqsE90Gw3evLCOIF0vy1vQw==",
			"dev": true,
			"license": "MIT"
		},
		"node_modules/@cspell/dict-html-symbol-entities": {
			"version": "4.0.3",
			"resolved": "https://registry.npmjs.org/@cspell/dict-html-symbol-entities/-/dict-html-symbol-entities-4.0.3.tgz",
			"integrity": "sha512-aABXX7dMLNFdSE8aY844X4+hvfK7977sOWgZXo4MTGAmOzR8524fjbJPswIBK7GaD3+SgFZ2yP2o0CFvXDGF+A==",
			"dev": true,
			"license": "MIT",
			"peer": true
		},
		"node_modules/@cspell/dict-markdown": {
			"version": "2.0.10",
			"resolved": "https://registry.npmjs.org/@cspell/dict-markdown/-/dict-markdown-2.0.10.tgz",
			"integrity": "sha512-vtVa6L/84F9sTjclTYDkWJF/Vx2c5xzxBKkQp+CEFlxOF2SYgm+RSoEvAvg5vj4N5kuqR4350ZlY3zl2eA3MXw==",
			"dev": true,
			"license": "MIT",
			"peerDependencies": {
				"@cspell/dict-css": "^4.0.17",
				"@cspell/dict-html": "^4.0.11",
				"@cspell/dict-html-symbol-entities": "^4.0.3",
				"@cspell/dict-typescript": "^3.2.1"
			}
		},
		"node_modules/@cspell/dict-node": {
			"version": "5.0.7",
			"resolved": "https://registry.npmjs.org/@cspell/dict-node/-/dict-node-5.0.7.tgz",
			"integrity": "sha512-ZaPpBsHGQCqUyFPKLyCNUH2qzolDRm1/901IO8e7btk7bEDF56DN82VD43gPvD4HWz3yLs/WkcLa01KYAJpnOw==",
			"dev": true,
			"license": "MIT"
		},
		"node_modules/@cspell/dict-npm": {
			"version": "5.2.1",
			"resolved": "https://registry.npmjs.org/@cspell/dict-npm/-/dict-npm-5.2.1.tgz",
			"integrity": "sha512-aqcit8e/Hsnsmd2QoDDAaai+l80bQItwLggmlio/e5NTAfUu7qIVmx+/VFtUlXQH6sMKp+aAvxPC3K8tH86+qg==",
			"dev": true,
			"license": "MIT"
		},
		"node_modules/@cspell/dict-shell": {
			"version": "1.1.0",
			"resolved": "https://registry.npmjs.org/@cspell/dict-shell/-/dict-shell-1.1.0.tgz",
			"integrity": "sha512-D/xHXX7T37BJxNRf5JJHsvziFDvh23IF/KvkZXNSh8VqcRdod3BAz9VGHZf6VDqcZXr1VRqIYR3mQ8DSvs3AVQ==",
			"dev": true,
			"license": "MIT"
		},
		"node_modules/@cspell/dict-software-terms": {
			"version": "5.0.5",
			"resolved": "https://registry.npmjs.org/@cspell/dict-software-terms/-/dict-software-terms-5.0.5.tgz",
			"integrity": "sha512-ZjAOa8FI8/JrxaRqKT3eS7AQXFjU174xxQoKYMkmdwSyNIj7WUCAg10UeLqeMjFVv36zIO0Hm0dD2+Bvn18SLA==",
			"dev": true,
			"license": "MIT"
		},
		"node_modules/@cspell/dict-typescript": {
			"version": "3.2.1",
			"resolved": "https://registry.npmjs.org/@cspell/dict-typescript/-/dict-typescript-3.2.1.tgz",
			"integrity": "sha512-jdnKg4rBl75GUBTsUD6nTJl7FGvaIt5wWcWP7TZSC3rV1LfkwvbUiY3PiGpfJlAIdnLYSeFWIpYU9gyVgz206w==",
			"dev": true,
			"license": "MIT"
		},
		"node_modules/@reteps/dockerfmt": {
			"version": "0.3.6",
			"resolved": "https://registry.npmjs.org/@reteps/dockerfmt/-/dockerfmt-0.3.6.tgz",
			"integrity": "sha512-Tb5wIMvBf/nLejTQ61krK644/CEMB/cpiaIFXqGApfGqO3GwcR3qnI0DbmkFVCl2OyEp8LnLX3EkucoL0+tbFg==",
			"dev": true,
			"license": "MIT",
			"engines": {
				"node": "^v12.20.0 || ^14.13.0 || >=16.0.0"
			}
		},
		"node_modules/@types/node": {
			"version": "22.15.2",
			"resolved": "https://registry.npmjs.org/@types/node/-/node-22.15.2.tgz",
			"integrity": "sha512-uKXqKN9beGoMdBfcaTY1ecwz6ctxuJAcUlwE55938g0ZJ8lRxwAZqRz2AJ4pzpt5dHdTPMB863UZ0ESiFUcP7A==",
			"dev": true,
			"license": "MIT",
			"dependencies": {
				"undici-types": "~6.21.0"
			}
		},
		"node_modules/husky": {
			"version": "9.1.7",
			"resolved": "https://registry.npmjs.org/husky/-/husky-9.1.7.tgz",
			"integrity": "sha512-5gs5ytaNjBrh5Ow3zrvdUUY+0VxIuWVL4i9irt6friV+BqdCfmV11CQTWMiBYWHbXhco+J1kHfTOUkePhCDvMA==",
			"dev": true,
			"license": "MIT",
			"bin": {
				"husky": "bin.js"
			},
			"engines": {
				"node": ">=18"
			},
			"funding": {
				"url": "https://github.com/sponsors/typicode"
			}
		},
		"node_modules/prettier": {
			"version": "3.5.3",
			"resolved": "https://registry.npmjs.org/prettier/-/prettier-3.5.3.tgz",
			"integrity": "sha512-QQtaxnoDJeAkDvDKWCLiwIXkTgRhwYDEQCghU9Z6q03iyek/rxRh/2lC3HB7P8sWT2xC/y5JDctPLBIGzHKbhw==",
			"dev": true,
			"license": "MIT",
			"bin": {
				"prettier": "bin/prettier.cjs"
			},
			"engines": {
				"node": ">=14"
			},
			"funding": {
				"url": "https://github.com/prettier/prettier?sponsor=1"
			}
		},
		"node_modules/prettier-plugin-sh": {
			"version": "0.17.2",
			"resolved": "https://registry.npmjs.org/prettier-plugin-sh/-/prettier-plugin-sh-0.17.2.tgz",
			"integrity": "sha512-7+dEo/IYbhrUj4qP+1QXj41/5Hv9ZkxBuEatI1jywrcAlVF1aGhdYJF4Sn+M67nkA16iRL53W4FSRe1bitTdmQ==",
			"dev": true,
			"license": "MIT",
			"dependencies": {
				"@reteps/dockerfmt": "^0.3.2",
				"sh-syntax": "^0.5.6"
			},
			"engines": {
				"node": ">=16.0.0"
			},
			"funding": {
				"url": "https://opencollective.com/unts"
			},
			"peerDependencies": {
				"prettier": "^3.0.3"
			}
		},
		"node_modules/sh-syntax": {
			"version": "0.5.7",
			"resolved": "https://registry.npmjs.org/sh-syntax/-/sh-syntax-0.5.7.tgz",
			"integrity": "sha512-74m9dt91konrF5+m0kASugzi37VxKsnTJQ6yvdDZu3IijG5/vIZpImP6FadsJLWNt2X2YD0VaTwW5W7Ox7mFVg==",
			"dev": true,
			"license": "MIT",
			"dependencies": {
				"tslib": "^2.8.1"
			},
			"engines": {
				"node": ">=16.0.0"
			},
			"funding": {
				"url": "https://opencollective.com/sh-syntax"
			}
		},
		"node_modules/tslib": {
			"version": "2.8.1",
			"resolved": "https://registry.npmjs.org/tslib/-/tslib-2.8.1.tgz",
			"integrity": "sha512-oJFu94HQb+KVduSUQL7wnpmqnfmLsOA/nAh6b6EH0wCEoK0/mPeXU6c3wKDV83MkOuHPRHtSXKKU99IBazS/2w==",
			"dev": true,
			"license": "0BSD"
		},
		"node_modules/typescript": {
			"version": "5.8.3",
			"resolved": "https://registry.npmjs.org/typescript/-/typescript-5.8.3.tgz",
			"integrity": "sha512-p1diW6TqL9L07nNxvRMM7hMMw4c5XOo/1ibL4aAIGmSAt9slTE1Xgw5KWuof2uTOvCg9BY7ZRi+GaF+7sfgPeQ==",
			"dev": true,
			"license": "Apache-2.0",
			"bin": {
				"tsc": "bin/tsc",
				"tsserver": "bin/tsserver"
			},
			"engines": {
				"node": ">=14.17"
			}
		},
		"node_modules/undici-types": {
			"version": "6.21.0",
			"resolved": "https://registry.npmjs.org/undici-types/-/undici-types-6.21.0.tgz",
			"integrity": "sha512-iwDZqg0QAGrg9Rav5H4n0M64c3mkR59cJ6wQp+7C4nI0gsmExaedaYLNO44eT4AtBBwjbTiGPMlt2Md0T9H9JQ==",
			"dev": true,
			"license": "MIT"
		}
	}
}
